
Microsoft Visual Studio Solution File, Format Version 12.00
# Visual Studio 15
VisualStudioVersion = 15.0.26430.13
MinimumVisualStudioVersion = 10.0.40219.1
Project("{FAE04EC0-301F-11D3-BF4B-00C04F79EFBC}") = "Experiment.Web", "Experiment.Web\Experiment.Web.csproj", "{1A12484B-3B88-4A56-91C4-CEDDD5576AB2}"
EndProject
Project("{FAE04EC0-301F-11D3-BF4B-00C04F79EFBC}") = "Experiment.Lib", "Experiment.Lib\Experiment.Lib.csproj", "{F49FDDBA-D421-49EA-8294-91AE04E7DFFA}"
EndProject
Project("{FAE04EC0-301F-11D3-BF4B-00C04F79EFBC}") = "Experiment.Test", "Experiment.Test\Experiment.Test.csproj", "{89D2D600-042C-4137-9D56-8D21BF986A93}"
EndProject
Global
	GlobalSection(SolutionConfigurationPlatforms) = preSolution
		Debug|Any CPU = Debug|Any CPU
		Release|Any CPU = Release|Any CPU
	EndGlobalSection
	GlobalSection(ProjectConfigurationPlatforms) = postSolution
		{1A12484B-3B88-4A56-91C4-CEDDD5576AB2}.Debug|Any CPU.ActiveCfg = Debug|Any CPU
		{1A12484B-3B88-4A56-91C4-CEDDD5576AB2}.Debug|Any CPU.Build.0 = Debug|Any CPU
		{1A12484B-3B88-4A56-91C4-CEDDD5576AB2}.Release|Any CPU.ActiveCfg = Release|Any CPU
		{1A12484B-3B88-4A56-91C4-CEDDD5576AB2}.Release|Any CPU.Build.0 = Release|Any CPU
		{F49FDDBA-D421-49EA-8294-91AE04E7DFFA}.Debug|Any CPU.ActiveCfg = Debug|Any CPU
		{F49FDDBA-D421-49EA-8294-91AE04E7DFFA}.Debug|Any CPU.Build.0 = Debug|Any CPU
		{F49FDDBA-D421-49EA-8294-91AE04E7DFFA}.Release|Any CPU.ActiveCfg = Release|Any CPU
		{F49FDDBA-D421-49EA-8294-91AE04E7DFFA}.Release|Any CPU.Build.0 = Release|Any CPU
		{89D2D600-042C-4137-9D56-8D21BF986A93}.Debug|Any CPU.ActiveCfg = Debug|Any CPU
		{89D2D600-042C-4137-9D56-8D21BF986A93}.Debug|Any CPU.Build.0 = Debug|Any CPU
		{89D2D600-042C-4137-9D56-8D21BF986A93}.Release|Any CPU.ActiveCfg = Release|Any CPU
		{89D2D600-042C-4137-9D56-8D21BF986A93}.Release|Any CPU.Build.0 = Release|Any CPU
	EndGlobalSection
	GlobalSection(SolutionProperties) = preSolution
		HideSolutionNode = FALSE
	EndGlobalSection
EndGlobal
